
Microsoft Visual Studio Solution File, Format Version 12.00
# Visual Studio Version 16
VisualStudioVersion = 16.0.32510.428
MinimumVisualStudioVersion = 10.0.40219.1
Project("{FAE04EC0-301F-11D3-BF4B-00C04F79EFBC}") = "OT", "OT\OT.csproj", "{B657D92B-A1CD-4197-9820-1F88DD226416}"
EndProject
Global
	GlobalSection(SolutionConfigurationPlatforms) = preSolution
		Debug|Any CPU = Debug|Any CPU
		Release|Any CPU = Release|Any CPU
	EndGlobalSection
	GlobalSection(ProjectConfigurationPlatforms) = postSolution
		{B657D92B-A1CD-4197-9820-1F88DD226416}.Debug|Any CPU.ActiveCfg = Debug|Any CPU
		{B657D92B-A1CD-4197-9820-1F88DD226416}.Debug|Any CPU.Build.0 = Debug|Any CPU
		{B657D92B-A1CD-4197-9820-1F88DD226416}.Release|Any CPU.ActiveCfg = Release|Any CPU
		{B657D92B-A1CD-4197-9820-1F88DD226416}.Release|Any CPU.Build.0 = Release|Any CPU
	EndGlobalSection
	GlobalSection(SolutionProperties) = preSolution
		HideSolutionNode = FALSE
	EndGlobalSection
	GlobalSection(ExtensibilityGlobals) = postSolution
		SolutionGuid = {9D885666-64E6-47DA-8D38-C2A5F7FC2F5E}
	EndGlobalSection
EndGlobal
